
Microsoft Visual Studio Solution File, Format Version 12.00
# Visual Studio Version 16
VisualStudioVersion = 16.0.29920.165
MinimumVisualStudioVersion = 10.0.40219.1
Project("{9A19103F-16F7-4668-BE54-9A1E7A4F7556}") = "Vehicle Class", "CSharpOOP\Vehicle Class.csproj", "{5002C173-83A7-4748-8288-5973A3F6A857}"
EndProject
Global
	GlobalSection(SolutionConfigurationPlatforms) = preSolution
		Debug|Any CPU = Debug|Any CPU
		Release|Any CPU = Release|Any CPU
	EndGlobalSection
	GlobalSection(ProjectConfigurationPlatforms) = postSolution
		{5002C173-83A7-4748-8288-5973A3F6A857}.Debug|Any CPU.ActiveCfg = Debug|Any CPU
		{5002C173-83A7-4748-8288-5973A3F6A857}.Debug|Any CPU.Build.0 = Debug|Any CPU
		{5002C173-83A7-4748-8288-5973A3F6A857}.Release|Any CPU.ActiveCfg = Release|Any CPU
		{5002C173-83A7-4748-8288-5973A3F6A857}.Release|Any CPU.Build.0 = Release|Any CPU
	EndGlobalSection
	GlobalSection(SolutionProperties) = preSolution
		HideSolutionNode = FALSE
	EndGlobalSection
	GlobalSection(ExtensibilityGlobals) = postSolution
		SolutionGuid = {41354C70-9821-4F7F-86C8-6D18949649C4}
	EndGlobalSection
EndGlobal
